
Microsoft Visual Studio Solution File, Format Version 12.00
# Visual Studio 15
VisualStudioVersion = 15.0.28307.168
MinimumVisualStudioVersion = 10.0.40219.1
Project("{FAE04EC0-301F-11D3-BF4B-00C04F79EFBC}") = "Calculator", "Calculator\Calculator.csproj", "{B48BAB5A-CBA4-4C7E-AC94-FC99117276FB}"
EndProject
Global
	GlobalSection(SolutionConfigurationPlatforms) = preSolution
		Debug|Any CPU = Debug|Any CPU
		Release|Any CPU = Release|Any CPU
	EndGlobalSection
	GlobalSection(ProjectConfigurationPlatforms) = postSolution
		{B48BAB5A-CBA4-4C7E-AC94-FC99117276FB}.Debug|Any CPU.ActiveCfg = Debug|Any CPU
		{B48BAB5A-CBA4-4C7E-AC94-FC99117276FB}.Debug|Any CPU.Build.0 = Debug|Any CPU
		{B48BAB5A-CBA4-4C7E-AC94-FC99117276FB}.Release|Any CPU.ActiveCfg = Release|Any CPU
		{B48BAB5A-CBA4-4C7E-AC94-FC99117276FB}.Release|Any CPU.Build.0 = Release|Any CPU
	EndGlobalSection
	GlobalSection(SolutionProperties) = preSolution
		HideSolutionNode = FALSE
	EndGlobalSection
	GlobalSection(ExtensibilityGlobals) = postSolution
		SolutionGuid = {7FF3CFC9-D9F7-4DEF-BAA9-360BDF67257B}
	EndGlobalSection
EndGlobal
